<?xml version="1.0" encoding="utf-8"?>
<Project ToolsVersion="4.0" xmlns="http://schemas.microsoft.com/developer/msbuild/2003">
  <ItemGroup>
    <Filter Include="源文件">
      <UniqueIdentifier>{4FC737F1-C7A5-4376-A066-2A32D752A2FF}</UniqueIdentifier>
      <Extensions>cpp;c;cc;cxx;def;odl;idl;hpj;bat;asm;asmx</Extensions>
    </Filter>
    <Filter Include="头文件">
      <UniqueIdentifier>{93995380-89BD-4b04-88EB-625FBE52EBFB}</UniqueIdentifier>
      <Extensions>h;hh;hpp;hxx;hm;inl;inc;ipp;xsd</Extensions>
    </Filter>
    <Filter Include="资源文件">
      <UniqueIdentifier>{67DA6AB6-F800-4c08-8B7A-83BB121AAD01}</UniqueIdentifier>
      <Extensions>rc;ico;cur;bmp;dlg;rc2;rct;bin;rgs;gif;jpg;jpeg;jpe;resx;tiff;tif;png;wav;mfcribbon-ms</Extensions>
    </Filter>
  </ItemGroup>
  <ItemGroup>
    <ClCompile Include="Class_Code.cpp">
      <Filter>源文件</Filter>
    </ClCompile>
    <ClCompile Include="1.求平方和.cpp">
      <Filter>源文件</Filter>
    </ClCompile>
    <ClCompile Include="2.铺地板.cpp">
      <Filter>源文件</Filter>
    </ClCompile>
    <ClCompile Include="3.汉诺塔.cpp">
      <Filter>源文件</Filter>
    </ClCompile>
    <ClCompile Include="5.前n数和-递归实现.cpp">
      <Filter>源文件</Filter>
    </ClCompile>
    <ClCompile Include="4.切披萨.cpp">
      <Filter>源文件</Filter>
    </ClCompile>
    <ClCompile Include="6.斐波那契-递归实现.cpp">
      <Filter>源文件</Filter>
    </ClCompile>
    <ClCompile Include="7.斐波那契-非递归.cpp">
      <Filter>源文件</Filter>
    </ClCompile>
    <ClCompile Include="_线性表.cpp">
      <Filter>源文件</Filter>
    </ClCompile>
    <ClCompile Include="8.求黄金分割数.cpp">
      <Filter>源文件</Filter>
    </ClCompile>
    <ClCompile Include="9.time库.cpp">
      <Filter>源文件</Filter>
    </ClCompile>
    <ClCompile Include="_栈.cpp">
      <Filter>源文件</Filter>
    </ClCompile>
    <ClCompile Include="10.插入排序.cpp">
      <Filter>源文件</Filter>
    </ClCompile>
    <ClCompile Include="11.二分查找.cpp">
      <Filter>源文件</Filter>
    </ClCompile>
    <ClCompile Include="12.最大公约数.cpp">
      <Filter>源文件</Filter>
    </ClCompile>
    <ClCompile Include="13.幂函数.cpp">
      <Filter>源文件</Filter>
    </ClCompile>
    <ClCompile Include="14.求幂三进制.cpp">
      <Filter>源文件</Filter>
    </ClCompile>
    <ClCompile Include="16.水桶装水.cpp">
      <Filter>源文件</Filter>
    </ClCompile>
    <ClCompile Include="17.链表中点的查找.cpp">
      <Filter>源文件</Filter>
    </ClCompile>
    <ClCompile Include="ListNode.h">
      <Filter>头文件</Filter>
    </ClCompile>
    <ClCompile Include="ListNode.cpp">
      <Filter>源文件</Filter>
    </ClCompile>
    <ClCompile Include="18.合并有序链表.cpp">
      <Filter>源文件</Filter>
    </ClCompile>
    <ClCompile Include="19.随机数.cpp">
      <Filter>源文件</Filter>
    </ClCompile>
    <ClCompile Include="Stack.cpp">
      <Filter>源文件</Filter>
    </ClCompile>
    <ClCompile Include="Queue.cpp">
      <Filter>源文件</Filter>
    </ClCompile>
    <ClCompile Include="Tree.cpp">
      <Filter>源文件</Filter>
    </ClCompile>
    <ClCompile Include="ListCursor.cpp">
      <Filter>源文件</Filter>
    </ClCompile>
    <ClCompile Include="PriorityQueue.cpp">
      <Filter>源文件</Filter>
    </ClCompile>
    <ClCompile Include="HashTbl.cpp">
      <Filter>源文件</Filter>
    </ClCompile>
    <ClCompile Include="23.多项式链表.cpp">
      <Filter>源文件</Filter>
    </ClCompile>
    <ClCompile Include="24.桶式排序.cpp">
      <Filter>源文件</Filter>
    </ClCompile>
    <ClCompile Include="25.后缀表达式.cpp">
      <Filter>源文件</Filter>
    </ClCompile>
    <ClCompile Include="SplayNode.cpp">
      <Filter>源文件</Filter>
    </ClCompile>
    <ClCompile Include="RedBlackTree.cpp">
      <Filter>源文件</Filter>
    </ClCompile>
    <ClCompile Include="..\..\我的课件\数据结构\J_cursor.C">
      <Filter>源文件</Filter>
    </ClCompile>
    <ClCompile Include="..\..\我的课件\数据结构\josephus.c">
      <Filter>源文件</Filter>
    </ClCompile>
    <ClCompile Include="26.Sort.cpp">
      <Filter>源文件</Filter>
    </ClCompile>
    <ClCompile Include="27.表达式.cpp">
      <Filter>源文件</Filter>
    </ClCompile>
    <ClCompile Include="28.层次遍历.cpp">
      <Filter>源文件</Filter>
    </ClCompile>
    <ClCompile Include="31.8皇后.cpp">
      <Filter>源文件</Filter>
    </ClCompile>
    <ClCompile Include="33.两个数组的交集.cpp">
      <Filter>源文件</Filter>
    </ClCompile>
    <ClCompile Include="34.数组元素的排列组合.cpp">
      <Filter>源文件</Filter>
    </ClCompile>
    <ClCompile Include="35.Euclid算法.cpp">
      <Filter>源文件</Filter>
    </ClCompile>
    <ClCompile Include="36.构造表达式树.cpp">
      <Filter>源文件</Filter>
    </ClCompile>
    <ClCompile Include="HashSep.h">
      <Filter>头文件</Filter>
    </ClCompile>
    <ClCompile Include="HashSep.cpp">
      <Filter>源文件</Filter>
    </ClCompile>
    <ClCompile Include="37.ShellSort.cpp">
      <Filter>源文件</Filter>
    </ClCompile>
    <ClCompile Include="HashQuad.cpp">
      <Filter>源文件</Filter>
    </ClCompile>
    <ClCompile Include="39.烤红薯.cpp">
      <Filter>源文件</Filter>
    </ClCompile>
    <ClCompile Include="38.中位数.cpp">
      <Filter>源文件</Filter>
    </ClCompile>
    <ClCompile Include="链表倒置.cpp">
      <Filter>源文件</Filter>
    </ClCompile>
    <ClCompile Include="Multiple_sequence_alignmen.cpp">
      <Filter>源文件</Filter>
    </ClCompile>
    <ClCompile Include="15[课设].最大子数列和.cpp">
      <Filter>源文件</Filter>
    </ClCompile>
    <ClCompile Include="22[课设].数组主元.cpp">
      <Filter>源文件</Filter>
    </ClCompile>
    <ClCompile Include="21[课设].Josephus Problem.cpp">
      <Filter>源文件</Filter>
    </ClCompile>
    <ClCompile Include="20[课设].基数排序.cpp">
      <Filter>源文件</Filter>
    </ClCompile>
    <ClCompile Include="[课设]test.cpp">
      <Filter>源文件</Filter>
    </ClCompile>
    <ClCompile Include="30[课设].归并排序.cpp">
      <Filter>源文件</Filter>
    </ClCompile>
    <ClCompile Include="29[课设].快速排序.cpp">
      <Filter>源文件</Filter>
    </ClCompile>
    <ClCompile Include="32[课设].堆排序.cpp">
      <Filter>源文件</Filter>
    </ClCompile>
    <ClCompile Include="40[课设].最小生成树prim.cpp">
      <Filter>源文件</Filter>
    </ClCompile>
    <ClCompile Include="41[课设].最小生成树kruskal.cpp">
      <Filter>源文件</Filter>
    </ClCompile>
    <ClCompile Include="42[课设].dijkstra.cpp">
      <Filter>源文件</Filter>
    </ClCompile>
    <ClCompile Include="test.cpp">
      <Filter>源文件</Filter>
    </ClCompile>
    <ClCompile Include="C:\Users\WILL\Documents\Tencent Files\2047123316\FileRecv\queue.cpp">
      <Filter>源文件</Filter>
    </ClCompile>
    <ClCompile Include="C:\Users\WILL\Documents\Tencent Files\2047123316\FileRecv\43[课设].AVL.cpp">
      <Filter>源文件</Filter>
    </ClCompile>
    <ClCompile Include="test1.cpp">
      <Filter>源文件</Filter>
    </ClCompile>
  </ItemGroup>
  <ItemGroup>
    <ResourceCompile Include="Class_Code.rc">
      <Filter>资源文件</Filter>
    </ResourceCompile>
  </ItemGroup>
  <ItemGroup>
    <ClInclude Include="Stack.h">
      <Filter>头文件</Filter>
    </ClInclude>
    <ClInclude Include="Queue.h">
      <Filter>头文件</Filter>
    </ClInclude>
    <ClInclude Include="Tree.h">
      <Filter>头文件</Filter>
    </ClInclude>
    <ClInclude Include="ListCursor.h">
      <Filter>头文件</Filter>
    </ClInclude>
    <ClInclude Include="PriorityQueue.h">
      <Filter>头文件</Filter>
    </ClInclude>
    <ClInclude Include="HashTbl.h">
      <Filter>头文件</Filter>
    </ClInclude>
    <ClInclude Include="SplayNode.h">
      <Filter>头文件</Filter>
    </ClInclude>
    <ClInclude Include="RedBlackTree.h">
      <Filter>头文件</Filter>
    </ClInclude>
    <ClInclude Include="HashQuad.h">
      <Filter>头文件</Filter>
    </ClInclude>
    <ClInclude Include="C:\Users\WILL\Documents\Tencent Files\2047123316\FileRecv\AVL.h">
      <Filter>头文件</Filter>
    </ClInclude>
    <ClInclude Include="C:\Users\WILL\Documents\Tencent Files\2047123316\FileRecv\queue.h">
      <Filter>头文件</Filter>
    </ClInclude>
  </ItemGroup>
</Project>