<?xml version="1.0" encoding="utf-8"?>
<Project ToolsVersion="4.0" xmlns="http://schemas.microsoft.com/developer/msbuild/2003">
  <ItemGroup>
    <Filter Include="源文件">
      <UniqueIdentifier>{4FC737F1-C7A5-4376-A066-2A32D752A2FF}</UniqueIdentifier>
      <Extensions>cpp;c;cc;cxx;c++;cppm;ixx;def;odl;idl;hpj;bat;asm;asmx</Extensions>
    </Filter>
    <Filter Include="头文件">
      <UniqueIdentifier>{93995380-89BD-4b04-88EB-625FBE52EBFB}</UniqueIdentifier>
      <Extensions>h;hh;hpp;hxx;h++;hm;inl;inc;ipp;xsd</Extensions>
    </Filter>
    <Filter Include="资源文件">
      <UniqueIdentifier>{67DA6AB6-F800-4c08-8B7A-83BB121AAD01}</UniqueIdentifier>
      <Extensions>rc;ico;cur;bmp;dlg;rc2;rct;bin;rgs;gif;jpg;jpeg;jpe;resx;tiff;tif;png;wav;mfcribbon-ms</Extensions>
    </Filter>
    <Filter Include="源文件\2021">
      <UniqueIdentifier>{94a69761-dbf3-45c7-acec-b42c849346bd}</UniqueIdentifier>
    </Filter>
    <Filter Include="源文件\剑指 Offer">
      <UniqueIdentifier>{84d283b0-e4dd-41c3-ae40-b26128d2e1ef}</UniqueIdentifier>
    </Filter>
    <Filter Include="源文件\面试">
      <UniqueIdentifier>{54f31f8f-6f96-45db-a30f-87bb0f1e13c5}</UniqueIdentifier>
    </Filter>
  </ItemGroup>
  <ItemGroup>
    <ClCompile Include="2021\313. 超级丑数.cpp">
      <Filter>源文件\2021</Filter>
    </ClCompile>
    <ClCompile Include="2021\413. 等差数列划分.cpp">
      <Filter>源文件\2021</Filter>
    </ClCompile>
    <ClCompile Include="2021\446. 等差数列划分 II - 子序列.cpp">
      <Filter>源文件\2021</Filter>
    </ClCompile>
    <ClCompile Include="2021\516. 最长回文子序列.cpp">
      <Filter>源文件\2021</Filter>
    </ClCompile>
    <ClCompile Include="2021\1583. 统计不开心的朋友.cpp">
      <Filter>源文件\2021</Filter>
    </ClCompile>
    <ClCompile Include="2021\526. 优美的排列.cpp">
      <Filter>源文件\2021</Filter>
    </ClCompile>
    <ClCompile Include="2021\551. 学生出勤记录 I.cpp">
      <Filter>源文件\2021</Filter>
    </ClCompile>
    <ClCompile Include="2021\552. 学生出勤记录 II.cpp">
      <Filter>源文件\2021</Filter>
    </ClCompile>
    <ClCompile Include="2021\443. 压缩字符串.cpp">
      <Filter>源文件\2021</Filter>
    </ClCompile>
    <ClCompile Include="2021\789. 逃脱阻碍者.cpp">
      <Filter>源文件\2021</Filter>
    </ClCompile>
    <ClCompile Include="2021\1646. 获取生成数组中的最大值.cpp">
      <Filter>源文件\2021</Filter>
    </ClCompile>
    <ClCompile Include="2021\787. K 站中转内最便宜的航班.cpp">
      <Filter>源文件\2021</Filter>
    </ClCompile>
    <ClCompile Include="2021\797. 所有可能的路径.cpp">
      <Filter>源文件\2021</Filter>
    </ClCompile>
    <ClCompile Include="2021\881. 救生艇.cpp">
      <Filter>源文件\2021</Filter>
    </ClCompile>
    <ClCompile Include="2021\1480. 一维数组的动态和.cpp">
      <Filter>源文件\2021</Filter>
    </ClCompile>
    <ClCompile Include="2021\295. 数据流的中位数.cpp">
      <Filter>源文件\2021</Filter>
    </ClCompile>
    <ClCompile Include="2021\1588. 所有奇数长度子数组的和.cpp">
      <Filter>源文件\2021</Filter>
    </ClCompile>
    <ClCompile Include="2021\743. 网络延迟时间.cpp">
      <Filter>源文件\2021</Filter>
    </ClCompile>
    <ClCompile Include="2021\581. 最短无序连续子数组.cpp">
      <Filter>源文件\2021</Filter>
    </ClCompile>
    <ClCompile Include="2021\528. 按权重随机选择.cpp">
      <Filter>源文件\2021</Filter>
    </ClCompile>
    <ClCompile Include="2021\1109. 航班预订统计.cpp">
      <Filter>源文件\2021</Filter>
    </ClCompile>
    <ClCompile Include="2021\611. 有效三角形的个数.cpp">
      <Filter>源文件\2021</Filter>
    </ClCompile>
    <ClCompile Include="2021\165. 比较版本号.cpp">
      <Filter>源文件\2021</Filter>
    </ClCompile>
    <ClCompile Include="剑指 Offer\剑指 Offer 22. 链表中倒数第k个节点.cpp">
      <Filter>源文件\剑指 Offer</Filter>
    </ClCompile>
    <ClCompile Include="2021\847. 访问所有节点的最短路径.cpp">
      <Filter>源文件\2021</Filter>
    </ClCompile>
    <ClCompile Include="面试\面试题 17.14. 最小K个数.cpp">
      <Filter>源文件\面试</Filter>
    </ClCompile>
  </ItemGroup>
</Project>