<?xml version="1.0" encoding="utf-8"?>
<Project ToolsVersion="4.0" xmlns="http://schemas.microsoft.com/developer/msbuild/2003">
  <ItemGroup>
    <Filter Include="源文件">
      <UniqueIdentifier>{4FC737F1-C7A5-4376-A066-2A32D752A2FF}</UniqueIdentifier>
      <Extensions>cpp;c;cc;cxx;def;odl;idl;hpj;bat;asm;asmx</Extensions>
    </Filter>
    <Filter Include="头文件">
      <UniqueIdentifier>{93995380-89BD-4b04-88EB-625FBE52EBFB}</UniqueIdentifier>
      <Extensions>h;hh;hpp;hxx;hm;inl;inc;ipp;xsd</Extensions>
    </Filter>
    <Filter Include="资源文件">
      <UniqueIdentifier>{67DA6AB6-F800-4c08-8B7A-83BB121AAD01}</UniqueIdentifier>
      <Extensions>rc;ico;cur;bmp;dlg;rc2;rct;bin;rgs;gif;jpg;jpeg;jpe;resx;tiff;tif;png;wav;mfcribbon-ms</Extensions>
    </Filter>
  </ItemGroup>
  <ItemGroup>
    <ClCompile Include="69. x 的平方根.cpp">
      <Filter>源文件</Filter>
    </ClCompile>
    <ClCompile Include="283. 移动零.cpp">
      <Filter>源文件</Filter>
    </ClCompile>
    <ClCompile Include="3. 无重复字符的最长子串.cpp">
      <Filter>源文件</Filter>
    </ClCompile>
    <ClCompile Include="70. 爬楼梯.cpp">
      <Filter>源文件</Filter>
    </ClCompile>
    <ClCompile Include="83. 删除排序链表中的重复元素.cpp">
      <Filter>源文件</Filter>
    </ClCompile>
    <ClCompile Include="1.两数之和.cpp">
      <Filter>源文件</Filter>
    </ClCompile>
    <ClCompile Include="2. 两数相加.cpp">
      <Filter>源文件</Filter>
    </ClCompile>
    <ClCompile Include="6. Z 字形变换.cpp">
      <Filter>源文件</Filter>
    </ClCompile>
    <ClCompile Include="13. 罗马数字转整数.cpp">
      <Filter>源文件</Filter>
    </ClCompile>
    <ClCompile Include="14.最长公共前缀.cpp">
      <Filter>源文件</Filter>
    </ClCompile>
    <ClCompile Include="21.合并两个有序链表.cpp">
      <Filter>源文件</Filter>
    </ClCompile>
    <ClCompile Include="26. 删除排序数组中的重复项.cpp">
      <Filter>源文件</Filter>
    </ClCompile>
    <ClCompile Include="27.移除元素.cpp">
      <Filter>源文件</Filter>
    </ClCompile>
    <ClCompile Include="28. 实现 strStr%28%29.cpp">
      <Filter>源文件</Filter>
    </ClCompile>
    <ClCompile Include="38.报数.cpp">
      <Filter>源文件</Filter>
    </ClCompile>
    <ClCompile Include="35.搜索插入位置.cpp">
      <Filter>源文件</Filter>
    </ClCompile>
    <ClCompile Include="53.最大子序和.cpp">
      <Filter>源文件</Filter>
    </ClCompile>
    <ClCompile Include="58.最后一个单词的长度.cpp">
      <Filter>源文件</Filter>
    </ClCompile>
    <ClCompile Include="66.加一.cpp">
      <Filter>源文件</Filter>
    </ClCompile>
    <ClCompile Include="67. 二进制求和.cpp">
      <Filter>源文件</Filter>
    </ClCompile>
    <ClCompile Include="711.宝石和石头.cpp">
      <Filter>源文件</Filter>
    </ClCompile>
    <ClCompile Include="1108.IP地址无效化.cpp">
      <Filter>源文件</Filter>
    </ClCompile>
    <ClCompile Include="237.删除链表的节点.cpp">
      <Filter>源文件</Filter>
    </ClCompile>
    <ClCompile Include="88. 合并两个有序数组.cpp">
      <Filter>源文件</Filter>
    </ClCompile>
    <ClCompile Include="5. 最长回文子串.cpp">
      <Filter>源文件</Filter>
    </ClCompile>
    <ClCompile Include="7. 整数反转.cpp">
      <Filter>源文件</Filter>
    </ClCompile>
    <ClCompile Include="15. 三数之和.cpp">
      <Filter>源文件</Filter>
    </ClCompile>
    <ClCompile Include="11. 盛最多水的容器.cpp">
      <Filter>源文件</Filter>
    </ClCompile>
    <ClCompile Include="8. 字符串转换整数 (atoi).cpp">
      <Filter>源文件</Filter>
    </ClCompile>
    <ClCompile Include="20. 有效的括号.cpp">
      <Filter>源文件</Filter>
    </ClCompile>
    <ClCompile Include="19. 删除链表的倒数第N个节点.cpp">
      <Filter>源文件</Filter>
    </ClCompile>
    <ClCompile Include="24. 两两交换链表中的节点.cpp">
      <Filter>源文件</Filter>
    </ClCompile>
    <ClCompile Include="36. 有效的数独.cpp">
      <Filter>源文件</Filter>
    </ClCompile>
    <ClCompile Include="45.跳跃游戏（二）.cpp">
      <Filter>源文件</Filter>
    </ClCompile>
    <ClCompile Include="test.cpp">
      <Filter>源文件</Filter>
    </ClCompile>
    <ClCompile Include="143. 重排链表.cpp">
      <Filter>源文件</Filter>
    </ClCompile>
    <ClCompile Include="763. 划分字母区间.cpp">
      <Filter>源文件</Filter>
    </ClCompile>
    <ClCompile Include="234. 回文链表.cpp">
      <Filter>源文件</Filter>
    </ClCompile>
    <ClCompile Include="925. 长按键入.cpp">
      <Filter>源文件</Filter>
    </ClCompile>
  </ItemGroup>
  <ItemGroup>
    <ResourceCompile Include="LeetCode.rc">
      <Filter>资源文件</Filter>
    </ResourceCompile>
  </ItemGroup>
</Project>