<?xml version="1.0" encoding="utf-8"?>
<Project ToolsVersion="4.0" xmlns="http://schemas.microsoft.com/developer/msbuild/2003">
  <ItemGroup>
    <Filter Include="源文件">
      <UniqueIdentifier>{4FC737F1-C7A5-4376-A066-2A32D752A2FF}</UniqueIdentifier>
      <Extensions>cpp;c;cc;cxx;def;odl;idl;hpj;bat;asm;asmx</Extensions>
    </Filter>
    <Filter Include="头文件">
      <UniqueIdentifier>{93995380-89BD-4b04-88EB-625FBE52EBFB}</UniqueIdentifier>
      <Extensions>h;hh;hpp;hxx;hm;inl;inc;ipp;xsd</Extensions>
    </Filter>
    <Filter Include="资源文件">
      <UniqueIdentifier>{67DA6AB6-F800-4c08-8B7A-83BB121AAD01}</UniqueIdentifier>
      <Extensions>rc;ico;cur;bmp;dlg;rc2;rct;bin;rgs;gif;jpg;jpeg;jpe;resx;tiff;tif;png;wav;mfcribbon-ms</Extensions>
    </Filter>
  </ItemGroup>
  <ItemGroup>
    <ClInclude Include="TreeNode.h">
      <Filter>头文件</Filter>
    </ClInclude>
  </ItemGroup>
  <ItemGroup>
    <ClCompile Include="Code\803. 打砖块.cpp">
      <Filter>源文件</Filter>
    </ClCompile>
    <ClCompile Include="Code\399. 除法求值.cpp">
      <Filter>源文件</Filter>
    </ClCompile>
    <ClCompile Include="Code\721. 账户合并.cpp">
      <Filter>源文件</Filter>
    </ClCompile>
    <ClCompile Include="Code\1584. 连接所有点的最小费用.cpp">
      <Filter>源文件</Filter>
    </ClCompile>
    <ClCompile Include="Code\357. 计算各个位数不同的数字个数.cpp">
      <Filter>源文件</Filter>
    </ClCompile>
    <ClCompile Include="Code\1489. 找到最小生成树里的关键边和伪关键边.cpp">
      <Filter>源文件</Filter>
    </ClCompile>
    <ClCompile Include="Code\1319. 连通网络的操作次数.cpp">
      <Filter>源文件</Filter>
    </ClCompile>
    <ClCompile Include="Code\221. 最大正方形.cpp">
      <Filter>源文件</Filter>
    </ClCompile>
    <ClCompile Include="Code\959. 由斜杠划分区域.cpp">
      <Filter>源文件</Filter>
    </ClCompile>
    <ClCompile Include="Code\127. 单词接龙.cpp">
      <Filter>源文件</Filter>
    </ClCompile>
    <ClCompile Include="Code\1579. 保证图可完全遍历.cpp">
      <Filter>源文件</Filter>
    </ClCompile>
    <ClCompile Include="Code\1631. 最小体力消耗路径.cpp">
      <Filter>源文件</Filter>
    </ClCompile>
    <ClCompile Include="Code\778. 水位上升的泳池中游泳.cpp">
      <Filter>源文件</Filter>
    </ClCompile>
    <ClCompile Include="Code\880. 索引处的解码字符串.cpp">
      <Filter>源文件</Filter>
    </ClCompile>
    <ClCompile Include="Code\424. 替换后的最长重复字符.cpp">
      <Filter>源文件</Filter>
    </ClCompile>
    <ClCompile Include="Code\480. 滑动窗口中位数.cpp">
      <Filter>源文件</Filter>
    </ClCompile>
    <ClCompile Include="Code\1004. 最大连续1的个数 III.cpp">
      <Filter>源文件</Filter>
    </ClCompile>
    <ClCompile Include="Code\1052. 爱生气的书店老板.cpp">
      <Filter>源文件</Filter>
    </ClCompile>
    <ClCompile Include="Code\1208. 尽可能使字符串相等.cpp">
      <Filter>源文件</Filter>
    </ClCompile>
    <ClCompile Include="Code\1423. 可获得的最大点数.cpp">
      <Filter>源文件</Filter>
    </ClCompile>
    <ClCompile Include="Code\剑指 Offer 63. 股票的最大利润.cpp">
      <Filter>源文件</Filter>
    </ClCompile>
    <ClCompile Include="Code\304. 二维区域和检索 - 矩阵不可变.cpp">
      <Filter>源文件</Filter>
    </ClCompile>
    <ClCompile Include="Code\338. 比特位计数.cpp">
      <Filter>源文件</Filter>
    </ClCompile>
    <ClCompile Include="Code\354. 俄罗斯套娃信封问题.cpp">
      <Filter>源文件</Filter>
    </ClCompile>
    <ClCompile Include="Code\1018. 可被 5 整除的二进制前缀.cpp">
      <Filter>源文件</Filter>
    </ClCompile>
    <ClCompile Include="Code\503. 下一个更大元素 II.cpp">
      <Filter>源文件</Filter>
    </ClCompile>
    <ClCompile Include="Code\224. 基本计算器.cpp">
      <Filter>源文件</Filter>
    </ClCompile>
    <ClCompile Include="Code\227. 基本计算器.cpp">
      <Filter>源文件</Filter>
    </ClCompile>
    <ClCompile Include="Code\341. 扁平化嵌套列表迭代器.cpp">
      <Filter>源文件</Filter>
    </ClCompile>
    <ClCompile Include="Code\456. 132 模式.cpp">
      <Filter>源文件</Filter>
    </ClCompile>
    <ClCompile Include="Code\1340. 跳跃游戏 V.cpp">
      <Filter>源文件</Filter>
    </ClCompile>
    <ClCompile Include="Code\502. IPO.cpp">
      <Filter>源文件</Filter>
    </ClCompile>
    <ClCompile Include="Code\377. 组合总和 Ⅳ.cpp">
      <Filter>源文件</Filter>
    </ClCompile>
  </ItemGroup>
  <ItemGroup>
    <None Include="README.md">
      <Filter>源文件</Filter>
    </None>
    <None Include="Code\91. 解码方法.cpp">
      <Filter>源文件</Filter>
    </None>
  </ItemGroup>
</Project>